{
  "name": "client",
  "lockfileVersion": 3,
  "requires": true,
  "packages": {
    "": {
      "devDependencies": {
        "@types/heatmap.js": "^2.0.41"
      }
    },
    "node_modules/@types/geojson": {
      "version": "7946.0.16",
      "resolved": "https://registry.npmjs.org/@types/geojson/-/geojson-7946.0.16.tgz",
      "integrity": "sha512-6C8nqWur3j98U6+lXDfTUWIfgvZU+EumvpHKcYjujKH7woYyLj2sUmff0tRhrqM7BohUw7Pz3ZB1jj2gW9Fvmg==",
      "dev": true,
      "license": "MIT"
    },
    "node_modules/@types/heatmap.js": {
      "version": "2.0.41",
      "resolved": "https://registry.npmjs.org/@types/heatmap.js/-/heatmap.js-2.0.41.tgz",
      "integrity": "sha512-3oHffxC+N+1EKXjeC65klk1kHnLJ5i6tEKFNb/04J+qSfQuCliacsNBWDpt59JfG2vBXRRn+ICbzRZj48j6HfQ==",
      "dev": true,
      "license": "MIT",
      "dependencies": {
        "@types/leaflet": "^0"
      }
    },
    "node_modules/@types/leaflet": {
      "version": "0.7.40",
      "resolved": "https://registry.npmjs.org/@types/leaflet/-/leaflet-0.7.40.tgz",
      "integrity": "sha512-R2UwXOKwnKZi9zNm37WbPTAVuqHmysE6NVihkc5DUrovTirUxFSbZzvXrlwv0n5sibe0w8VF1bWu0ta4kZlAaA==",
      "dev": true,
      "license": "MIT",
      "dependencies": {
        "@types/geojson": "*"
      }
    }
  }
}
